
Microsoft Visual Studio Solution File, Format Version 12.00
# Visual Studio 2012
Project("{FAE04EC0-301F-11D3-BF4B-00C04F79EFBC}") = "CrypTool", "CrypTool.csproj", "{984CB7E3-F4F8-43A0-B467-99B35551BE70}"
EndProject
Global
	GlobalSection(DPCodeReviewSolutionGUID) = preSolution
		DPCodeReviewSolutionGUID = {00000000-0000-0000-0000-000000000000}
	EndGlobalSection
	GlobalSection(SolutionConfigurationPlatforms) = preSolution
		Debug|Any CPU = Debug|Any CPU
		Release|Any CPU = Release|Any CPU
	EndGlobalSection
	GlobalSection(ProjectConfigurationPlatforms) = postSolution
		{984CB7E3-F4F8-43A0-B467-99B35551BE70}.Debug|Any CPU.ActiveCfg = Debug|Any CPU
		{984CB7E3-F4F8-43A0-B467-99B35551BE70}.Debug|Any CPU.Build.0 = Debug|Any CPU
		{984CB7E3-F4F8-43A0-B467-99B35551BE70}.Release|Any CPU.ActiveCfg = Release|Any CPU
		{984CB7E3-F4F8-43A0-B467-99B35551BE70}.Release|Any CPU.Build.0 = Release|Any CPU
	EndGlobalSection
	GlobalSection(SolutionProperties) = preSolution
		HideSolutionNode = FALSE
	EndGlobalSection
EndGlobal
